{
  "version": 4,
  "terraform_version": "1.11.3",
  "serial": 165,
  "lineage": "a15f08ed-58c8-6357-9449-2d936b421fbc",
  "outputs": {
    "api_url": {
      "value": "https://7hfqv6icqj.execute-api.sa-east-1.amazonaws.com/dev/items",
      "type": "string"
    },
    "dynamodb_table_arn": {
      "value": "arn:aws:dynamodb:sa-east-1:812386189650:table/hello-terraform-dev-market-list",
      "type": "string"
    },
    "dynamodb_table_name": {
      "value": "hello-terraform-dev-market-list",
      "type": "string"
    },
    "lambda_add_item_arn": {
      "value": "arn:aws:lambda:sa-east-1:812386189650:function:hello-terraform-dev-lambda-add-item",
      "type": "string"
    },
    "lambda_add_item_invoke_arn": {
      "value": "arn:aws:apigateway:sa-east-1:lambda:path/2015-03-31/functions/arn:aws:lambda:sa-east-1:812386189650:function:hello-terraform-dev-lambda-add-item/invocations",
      "type": "string"
    },
    "lambda_add_item_name": {
      "value": "hello-terraform-dev-lambda-add-item",
      "type": "string"
    },
    "lambda_add_item_role_arn": {
      "value": "arn:aws:iam::812386189650:role/hello-terraform-dev-lambda-add-item-role",
      "type": "string"
    },
    "lambda_delete_item_arn": {
      "value": "arn:aws:lambda:sa-east-1:812386189650:function:hello-terraform-dev-lambda-delete-item",
      "type": "string"
    },
    "lambda_delete_item_invoke_arn": {
      "value": "arn:aws:apigateway:sa-east-1:lambda:path/2015-03-31/functions/arn:aws:lambda:sa-east-1:812386189650:function:hello-terraform-dev-lambda-delete-item/invocations",
      "type": "string"
    },
    "lambda_delete_item_name": {
      "value": "hello-terraform-dev-lambda-delete-item",
      "type": "string"
    },
    "lambda_delete_item_role_arn": {
      "value": "arn:aws:iam::812386189650:role/hello-terraform-dev-lambda-delete-item-role",
      "type": "string"
    },
    "lambda_hellow_terraform_arn": {
      "value": "arn:aws:lambda:sa-east-1:812386189650:function:hello-terraform-dev-lambda-hellow-terraform",
      "type": "string"
    },
    "lambda_hellow_terraform_invoke_arn": {
      "value": "arn:aws:apigateway:sa-east-1:lambda:path/2015-03-31/functions/arn:aws:lambda:sa-east-1:812386189650:function:hello-terraform-dev-lambda-hellow-terraform/invocations",
      "type": "string"
    },
    "lambda_hellow_terraform_name": {
      "value": "hello-terraform-dev-lambda-hellow-terraform",
      "type": "string"
    },
    "lambda_hellow_terraform_role_arn": {
      "value": "arn:aws:iam::812386189650:role/hello-terraform-dev-lambda-hellow-terraform-role",
      "type": "string"
    },
    "lambda_update_item_arn": {
      "value": "arn:aws:lambda:sa-east-1:812386189650:function:hello-terraform-dev-lambda-update-item",
      "type": "string"
    },
    "lambda_update_item_invoke_arn": {
      "value": "arn:aws:apigateway:sa-east-1:lambda:path/2015-03-31/functions/arn:aws:lambda:sa-east-1:812386189650:function:hello-terraform-dev-lambda-update-item/invocations",
      "type": "string"
    },
    "lambda_update_item_name": {
      "value": "hello-terraform-dev-lambda-update-item",
      "type": "string"
    },
    "lambda_update_item_role_arn": {
      "value": "arn:aws:iam::812386189650:role/hello-terraform-dev-lambda-update-item-role",
      "type": "string"
    }
  },
  "resources": [
    {
      "mode": "managed",
      "type": "aws_dynamodb_table",
      "name": "market_list_table",
      "provider": "provider[\"registry.terraform.io/hashicorp/aws\"]",
      "instances": [
        {
          "schema_version": 1,
          "attributes": {
            "arn": "arn:aws:dynamodb:sa-east-1:812386189650:table/hello-terraform-dev-market-list",
            "attribute": [
              {
                "name": "PK",
                "type": "S"
              },
              {
                "name": "SK",
                "type": "S"
              }
            ],
            "billing_mode": "PAY_PER_REQUEST",
            "deletion_protection_enabled": false,
            "global_secondary_index": [],
            "hash_key": "PK",
            "id": "hello-terraform-dev-market-list",
            "import_table": [],
            "local_secondary_index": [],
            "name": "hello-terraform-dev-market-list",
            "on_demand_throughput": [],
            "point_in_time_recovery": [
              {
                "enabled": false
              }
            ],
            "range_key": "SK",
            "read_capacity": 0,
            "replica": [],
            "restore_date_time": null,
            "restore_source_name": null,
            "restore_source_table_arn": null,
            "restore_to_latest_time": null,
            "server_side_encryption": [],
            "stream_arn": "",
            "stream_enabled": false,
            "stream_label": "",
            "stream_view_type": "",
            "table_class": "STANDARD",
            "tags": {
              "Environment": "dev",
              "ManagedBy": "Terraform",
              "Project": "hello-terraform"
            },
            "tags_all": {
              "Environment": "dev",
              "ManagedBy": "Terraform",
              "Project": "hello-terraform"
            },
            "timeouts": null,
            "ttl": [
              {
                "attribute_name": "",
                "enabled": false
              }
            ],
            "write_capacity": 0
          },
          "sensitive_attributes": [],
          "private": "eyJlMmJmYjczMC1lY2FhLTExZTYtOGY4OC0zNDM2M2JjN2M0YzAiOnsiY3JlYXRlIjoxODAwMDAwMDAwMDAwLCJkZWxldGUiOjYwMDAwMDAwMDAwMCwidXBkYXRlIjozNjAwMDAwMDAwMDAwfSwic2NoZW1hX3ZlcnNpb24iOiIxIn0="
        }
      ]
    },
    {
      "mode": "managed",
      "type": "aws_iam_policy",
      "name": "dynamodb_access_policy",
      "provider": "provider[\"registry.terraform.io/hashicorp/aws\"]",
      "instances": [
        {
          "schema_version": 0,
          "attributes": {
            "arn": "arn:aws:iam::812386189650:policy/hello-terraform-dev-lambda-dynamodb-policy",
            "attachment_count": 3,
            "description": "Permite que as funções Lambda acessem a tabela DynamoDB",
            "id": "arn:aws:iam::812386189650:policy/hello-terraform-dev-lambda-dynamodb-policy",
            "name": "hello-terraform-dev-lambda-dynamodb-policy",
            "name_prefix": "",
            "path": "/",
            "policy": "{\"Statement\":[{\"Action\":[\"dynamodb:PutItem\",\"dynamodb:GetItem\",\"dynamodb:UpdateItem\",\"dynamodb:DeleteItem\",\"dynamodb:Query\",\"dynamodb:Scan\"],\"Effect\":\"Allow\",\"Resource\":\"arn:aws:dynamodb:sa-east-1:812386189650:table/hello-terraform-dev-market-list\"}],\"Version\":\"2012-10-17\"}",
            "policy_id": "ANPA32JP5QFJHKQ2QQFEL",
            "tags": {},
            "tags_all": {
              "Environment": "dev",
              "ManagedBy": "Terraform",
              "Project": "hello-terraform"
            }
          },
          "sensitive_attributes": [],
          "private": "bnVsbA==",
          "dependencies": [
            "aws_dynamodb_table.market_list_table"
          ]
        }
      ]
    },
    {
      "mode": "managed",
      "type": "aws_iam_role_policy_attachment",
      "name": "lambda_add_item_dynamodb",
      "provider": "provider[\"registry.terraform.io/hashicorp/aws\"]",
      "instances": [
        {
          "schema_version": 0,
          "attributes": {
            "id": "hello-terraform-dev-lambda-add-item-role-20250518211758994100000007",
            "policy_arn": "arn:aws:iam::812386189650:policy/hello-terraform-dev-lambda-dynamodb-policy",
            "role": "hello-terraform-dev-lambda-add-item-role"
          },
          "sensitive_attributes": [],
          "private": "bnVsbA==",
          "dependencies": [
            "aws_dynamodb_table.market_list_table",
            "aws_iam_policy.dynamodb_access_policy",
            "module.lambda_add_item.aws_iam_role.lambda_role"
          ]
        }
      ]
    },
    {
      "mode": "managed",
      "type": "aws_iam_role_policy_attachment",
      "name": "lambda_delete_item_dynamodb",
      "provider": "provider[\"registry.terraform.io/hashicorp/aws\"]",
      "instances": [
        {
          "schema_version": 0,
          "attributes": {
            "id": "hello-terraform-dev-lambda-delete-item-role-20250518211758122000000001",
            "policy_arn": "arn:aws:iam::812386189650:policy/hello-terraform-dev-lambda-dynamodb-policy",
            "role": "hello-terraform-dev-lambda-delete-item-role"
          },
          "sensitive_attributes": [],
          "private": "bnVsbA==",
          "dependencies": [
            "aws_dynamodb_table.market_list_table",
            "aws_iam_policy.dynamodb_access_policy",
            "module.lambda_delete_item.aws_iam_role.lambda_role"
          ]
        }
      ]
    },
    {
      "mode": "managed",
      "type": "aws_iam_role_policy_attachment",
      "name": "lambda_update_item_dynamodb",
      "provider": "provider[\"registry.terraform.io/hashicorp/aws\"]",
      "instances": [
        {
          "schema_version": 0,
          "attributes": {
            "id": "hello-terraform-dev-lambda-update-item-role-20250518211758326400000003",
            "policy_arn": "arn:aws:iam::812386189650:policy/hello-terraform-dev-lambda-dynamodb-policy",
            "role": "hello-terraform-dev-lambda-update-item-role"
          },
          "sensitive_attributes": [],
          "private": "bnVsbA==",
          "dependencies": [
            "aws_dynamodb_table.market_list_table",
            "aws_iam_policy.dynamodb_access_policy",
            "module.lambda_update_item.aws_iam_role.lambda_role"
          ]
        }
      ]
    },
    {
      "module": "module.api_gateway",
      "mode": "data",
      "type": "aws_region",
      "name": "current",
      "provider": "provider[\"registry.terraform.io/hashicorp/aws\"]",
      "instances": [
        {
          "schema_version": 0,
          "attributes": {
            "description": "South America (Sao Paulo)",
            "endpoint": "ec2.sa-east-1.amazonaws.com",
            "id": "sa-east-1",
            "name": "sa-east-1"
          },
          "sensitive_attributes": []
        }
      ]
    },
    {
      "module": "module.api_gateway",
      "mode": "managed",
      "type": "aws_api_gateway_integration",
      "name": "add_item_integration",
      "provider": "provider[\"registry.terraform.io/hashicorp/aws\"]",
      "instances": [
        {
          "schema_version": 0,
          "attributes": {
            "cache_key_parameters": null,
            "cache_namespace": "jgvc49",
            "connection_id": "",
            "connection_type": "INTERNET",
            "content_handling": "",
            "credentials": "",
            "http_method": "POST",
            "id": "agi-7hfqv6icqj-jgvc49-POST",
            "integration_http_method": "POST",
            "passthrough_behavior": "WHEN_NO_MATCH",
            "request_parameters": null,
            "request_templates": null,
            "resource_id": "jgvc49",
            "rest_api_id": "7hfqv6icqj",
            "timeout_milliseconds": 29000,
            "tls_config": [],
            "type": "AWS_PROXY",
            "uri": "arn:aws:apigateway:sa-east-1:lambda:path/2015-03-31/functions/arn:aws:lambda:sa-east-1:812386189650:function:hello-terraform-dev-lambda-add-item/invocations"
          },
          "sensitive_attributes": [],
          "private": "bnVsbA==",
          "dependencies": [
            "aws_dynamodb_table.market_list_table",
            "module.api_gateway.aws_api_gateway_method.add_item_method",
            "module.api_gateway.aws_api_gateway_resource.items_resource",
            "module.api_gateway.aws_api_gateway_rest_api.market_list_api",
            "module.lambda_add_item.aws_iam_role.lambda_role",
            "module.lambda_add_item.aws_lambda_function.function",
            "module.lambda_add_item.data.archive_file.lambda_zip"
          ]
        }
      ]
    },
    {
      "module": "module.api_gateway",
      "mode": "managed",
      "type": "aws_api_gateway_method",
      "name": "add_item_method",
      "provider": "provider[\"registry.terraform.io/hashicorp/aws\"]",
      "instances": [
        {
          "schema_version": 0,
          "attributes": {
            "api_key_required": false,
            "authorization": "NONE",
            "authorization_scopes": null,
            "authorizer_id": null,
            "http_method": "POST",
            "id": "agm-7hfqv6icqj-jgvc49-POST",
            "operation_name": null,
            "request_models": null,
            "request_parameters": null,
            "request_validator_id": null,
            "resource_id": "jgvc49",
            "rest_api_id": "7hfqv6icqj"
          },
          "sensitive_attributes": [],
          "private": "bnVsbA==",
          "dependencies": [
            "module.api_gateway.aws_api_gateway_resource.items_resource",
            "module.api_gateway.aws_api_gateway_rest_api.market_list_api"
          ]
        }
      ]
    },
    {
      "module": "module.api_gateway",
      "mode": "managed",
      "type": "aws_api_gateway_method",
      "name": "delete_item_method",
      "provider": "provider[\"registry.terraform.io/hashicorp/aws\"]",
      "instances": [
        {
          "schema_version": 0,
          "attributes": {
            "api_key_required": false,
            "authorization": "NONE",
            "authorization_scopes": null,
            "authorizer_id": null,
            "http_method": "DELETE",
            "id": "agm-7hfqv6icqj-jgvc49-DELETE",
            "operation_name": null,
            "request_models": null,
            "request_parameters": null,
            "request_validator_id": null,
            "resource_id": "jgvc49",
            "rest_api_id": "7hfqv6icqj"
          },
          "sensitive_attributes": [],
          "private": "bnVsbA==",
          "dependencies": [
            "module.api_gateway.aws_api_gateway_resource.items_resource",
            "module.api_gateway.aws_api_gateway_rest_api.market_list_api"
          ]
        }
      ]
    },
    {
      "module": "module.api_gateway",
      "mode": "managed",
      "type": "aws_api_gateway_method",
      "name": "update_item_method",
      "provider": "provider[\"registry.terraform.io/hashicorp/aws\"]",
      "instances": [
        {
          "schema_version": 0,
          "attributes": {
            "api_key_required": false,
            "authorization": "NONE",
            "authorization_scopes": null,
            "authorizer_id": null,
            "http_method": "PUT",
            "id": "agm-7hfqv6icqj-jgvc49-PUT",
            "operation_name": null,
            "request_models": null,
            "request_parameters": null,
            "request_validator_id": null,
            "resource_id": "jgvc49",
            "rest_api_id": "7hfqv6icqj"
          },
          "sensitive_attributes": [],
          "private": "bnVsbA==",
          "dependencies": [
            "module.api_gateway.aws_api_gateway_resource.items_resource",
            "module.api_gateway.aws_api_gateway_rest_api.market_list_api"
          ]
        }
      ]
    },
    {
      "module": "module.api_gateway",
      "mode": "managed",
      "type": "aws_api_gateway_resource",
      "name": "items_resource",
      "provider": "provider[\"registry.terraform.io/hashicorp/aws\"]",
      "instances": [
        {
          "schema_version": 0,
          "attributes": {
            "id": "jgvc49",
            "parent_id": "ut017rkvzi",
            "path": "/items",
            "path_part": "items",
            "rest_api_id": "7hfqv6icqj"
          },
          "sensitive_attributes": [],
          "private": "bnVsbA==",
          "dependencies": [
            "module.api_gateway.aws_api_gateway_rest_api.market_list_api"
          ]
        }
      ]
    },
    {
      "module": "module.api_gateway",
      "mode": "managed",
      "type": "aws_api_gateway_rest_api",
      "name": "market_list_api",
      "provider": "provider[\"registry.terraform.io/hashicorp/aws\"]",
      "instances": [
        {
          "schema_version": 0,
          "attributes": {
            "api_key_source": "HEADER",
            "arn": "arn:aws:apigateway:sa-east-1::/restapis/7hfqv6icqj",
            "binary_media_types": [],
            "body": null,
            "created_date": "2025-05-20T03:37:00Z",
            "description": "API para gerenciar lista de mercado",
            "disable_execute_api_endpoint": false,
            "endpoint_configuration": [
              {
                "ip_address_type": "ipv4",
                "types": [
                  "EDGE"
                ],
                "vpc_endpoint_ids": []
              }
            ],
            "execution_arn": "arn:aws:execute-api:sa-east-1:812386189650:7hfqv6icqj",
            "fail_on_warnings": null,
            "id": "7hfqv6icqj",
            "minimum_compression_size": "",
            "name": "hello-terraform-dev-api",
            "parameters": null,
            "policy": "",
            "put_rest_api_mode": null,
            "root_resource_id": "ut017rkvzi",
            "tags": null,
            "tags_all": {
              "Environment": "dev",
              "ManagedBy": "Terraform",
              "Project": "hello-terraform"
            }
          },
          "sensitive_attributes": [],
          "private": "bnVsbA=="
        }
      ]
    },
    {
      "module": "module.api_gateway",
      "mode": "managed",
      "type": "aws_lambda_permission",
      "name": "api_gateway_lambda_add_item",
      "provider": "provider[\"registry.terraform.io/hashicorp/aws\"]",
      "instances": [
        {
          "schema_version": 0,
          "attributes": {
            "action": "lambda:InvokeFunction",
            "event_source_token": null,
            "function_name": "arn:aws:lambda:sa-east-1:812386189650:function:hello-terraform-dev-lambda-add-item",
            "function_url_auth_type": null,
            "id": "AllowAPIGatewayInvokeAdd",
            "principal": "apigateway.amazonaws.com",
            "principal_org_id": null,
            "qualifier": "",
            "source_account": null,
            "source_arn": "arn:aws:execute-api:sa-east-1:812386189650:7hfqv6icqj/*/*",
            "statement_id": "AllowAPIGatewayInvokeAdd",
            "statement_id_prefix": ""
          },
          "sensitive_attributes": [],
          "private": "bnVsbA==",
          "dependencies": [
            "aws_dynamodb_table.market_list_table",
            "module.api_gateway.aws_api_gateway_rest_api.market_list_api",
            "module.lambda_add_item.aws_iam_role.lambda_role",
            "module.lambda_add_item.aws_lambda_function.function",
            "module.lambda_add_item.data.archive_file.lambda_zip"
          ]
        }
      ]
    },
    {
      "module": "module.lambda_add_item",
      "mode": "data",
      "type": "archive_file",
      "name": "lambda_zip",
      "provider": "provider[\"registry.terraform.io/hashicorp/archive\"]",
      "instances": [
        {
          "schema_version": 0,
          "attributes": {
            "exclude_symlink_directories": null,
            "excludes": null,
            "id": "4efd6b80b13261c0d6a20ad0ac236a1f5969e116",
            "output_base64sha256": "kAO8gh/rMOlMjK+qivTvTvnip3cBH6tBSjelTOqOlqw=",
            "output_base64sha512": "TDzVLThVutn1ChGItZMbcqZ5CME9SNuHHxLFtPgPhJzVbHVbtvJPe+lvsvhJ142RTxMSCANi/JuCxvI/vamggg==",
            "output_file_mode": null,
            "output_md5": "0b0d8e426cda5206ca9f393487be8b43",
            "output_path": "./../lambda/lambda_market_list/add_item/src/add_market_item.zip",
            "output_sha": "4efd6b80b13261c0d6a20ad0ac236a1f5969e116",
            "output_sha256": "9003bc821feb30e94c8cafaa8af4ef4ef9e2a777011fab414a37a54cea8e96ac",
            "output_sha512": "4c3cd52d3855bad9f50a1188b5931b72a67908c13d48db871f12c5b4f80f849cd56c755bb6f24f7be96fb2f849d78d914f1312080362fc9b82c6f23fbda9a082",
            "output_size": 946,
            "source": [],
            "source_content": null,
            "source_content_filename": null,
            "source_dir": null,
            "source_file": "./../lambda/lambda_market_list/add_item/src/add_market_item.py",
            "type": "zip"
          },
          "sensitive_attributes": []
        }
      ]
    },
    {
      "module": "module.lambda_add_item",
      "mode": "managed",
      "type": "aws_cloudwatch_log_group",
      "name": "lambda_log_group",
      "provider": "provider[\"registry.terraform.io/hashicorp/aws\"]",
      "instances": [
        {
          "schema_version": 0,
          "attributes": {
            "arn": "arn:aws:logs:sa-east-1:812386189650:log-group:/aws/lambda/hello-terraform-dev-lambda-add-item",
            "id": "/aws/lambda/hello-terraform-dev-lambda-add-item",
            "kms_key_id": "",
            "log_group_class": "STANDARD",
            "name": "/aws/lambda/hello-terraform-dev-lambda-add-item",
            "name_prefix": "",
            "retention_in_days": 14,
            "skip_destroy": false,
            "tags": {},
            "tags_all": {
              "Environment": "dev",
              "ManagedBy": "Terraform",
              "Project": "hello-terraform"
            }
          },
          "sensitive_attributes": [],
          "private": "bnVsbA=="
        }
      ]
    },
    {
      "module": "module.lambda_add_item",
      "mode": "managed",
      "type": "aws_iam_policy",
      "name": "lambda_logging",
      "provider": "provider[\"registry.terraform.io/hashicorp/aws\"]",
      "instances": [
        {
          "schema_version": 0,
          "attributes": {
            "arn": "arn:aws:iam::812386189650:policy/hello-terraform-dev-lambda-add-item-logging-policy",
            "attachment_count": 1,
            "description": "Política para permitir logs da função Lambda hello-terraform-dev-lambda-add-item",
            "id": "arn:aws:iam::812386189650:policy/hello-terraform-dev-lambda-add-item-logging-policy",
            "name": "hello-terraform-dev-lambda-add-item-logging-policy",
            "name_prefix": "",
            "path": "/",
            "policy": "{\"Statement\":[{\"Action\":[\"logs:CreateLogGroup\",\"logs:CreateLogStream\",\"logs:PutLogEvents\"],\"Effect\":\"Allow\",\"Resource\":\"arn:aws:logs:*:*:*\"}],\"Version\":\"2012-10-17\"}",
            "policy_id": "ANPA32JP5QFJB2V4HMSDD",
            "tags": {},
            "tags_all": {
              "Environment": "dev",
              "ManagedBy": "Terraform",
              "Project": "hello-terraform"
            }
          },
          "sensitive_attributes": [],
          "private": "bnVsbA=="
        }
      ]
    },
    {
      "module": "module.lambda_add_item",
      "mode": "managed",
      "type": "aws_iam_role",
      "name": "lambda_role",
      "provider": "provider[\"registry.terraform.io/hashicorp/aws\"]",
      "instances": [
        {
          "schema_version": 0,
          "attributes": {
            "arn": "arn:aws:iam::812386189650:role/hello-terraform-dev-lambda-add-item-role",
            "assume_role_policy": "{\"Statement\":[{\"Action\":\"sts:AssumeRole\",\"Effect\":\"Allow\",\"Principal\":{\"Service\":\"lambda.amazonaws.com\"}}],\"Version\":\"2012-10-17\"}",
            "create_date": "2025-05-18T21:17:56Z",
            "description": "",
            "force_detach_policies": false,
            "id": "hello-terraform-dev-lambda-add-item-role",
            "inline_policy": [],
            "managed_policy_arns": [
              "arn:aws:iam::812386189650:policy/hello-terraform-dev-lambda-add-item-logging-policy",
              "arn:aws:iam::812386189650:policy/hello-terraform-dev-lambda-dynamodb-policy"
            ],
            "max_session_duration": 3600,
            "name": "hello-terraform-dev-lambda-add-item-role",
            "name_prefix": "",
            "path": "/",
            "permissions_boundary": "",
            "tags": {},
            "tags_all": {
              "Environment": "dev",
              "ManagedBy": "Terraform",
              "Project": "hello-terraform"
            },
            "unique_id": "AROA32JP5QFJGH7I2436S"
          },
          "sensitive_attributes": [],
          "private": "bnVsbA=="
        }
      ]
    },
    {
      "module": "module.lambda_add_item",
      "mode": "managed",
      "type": "aws_iam_role_policy_attachment",
      "name": "lambda_logs",
      "provider": "provider[\"registry.terraform.io/hashicorp/aws\"]",
      "instances": [
        {
          "schema_version": 0,
          "attributes": {
            "id": "hello-terraform-dev-lambda-add-item-role-20250518211758415000000004",
            "policy_arn": "arn:aws:iam::812386189650:policy/hello-terraform-dev-lambda-add-item-logging-policy",
            "role": "hello-terraform-dev-lambda-add-item-role"
          },
          "sensitive_attributes": [],
          "private": "bnVsbA==",
          "dependencies": [
            "module.lambda_add_item.aws_iam_policy.lambda_logging",
            "module.lambda_add_item.aws_iam_role.lambda_role"
          ]
        }
      ]
    },
    {
      "module": "module.lambda_add_item",
      "mode": "managed",
      "type": "aws_lambda_function",
      "name": "function",
      "provider": "provider[\"registry.terraform.io/hashicorp/aws\"]",
      "instances": [
        {
          "schema_version": 0,
          "attributes": {
            "architectures": [
              "x86_64"
            ],
            "arn": "arn:aws:lambda:sa-east-1:812386189650:function:hello-terraform-dev-lambda-add-item",
            "code_sha256": "kAO8gh/rMOlMjK+qivTvTvnip3cBH6tBSjelTOqOlqw=",
            "code_signing_config_arn": "",
            "dead_letter_config": [],
            "description": "Função Lambda para adicionar itens à lista de mercado",
            "environment": [
              {
                "variables": {
                  "DYNAMODB_TABLE_NAME": "hello-terraform-dev-market-list",
                  "ENVIRONMENT": "dev"
                }
              }
            ],
            "ephemeral_storage": [
              {
                "size": 512
              }
            ],
            "file_system_config": [],
            "filename": "./../lambda/lambda_market_list/add_item/src/add_market_item.zip",
            "function_name": "hello-terraform-dev-lambda-add-item",
            "handler": "add_market_item.lambda_handler",
            "id": "hello-terraform-dev-lambda-add-item",
            "image_config": [],
            "image_uri": "",
            "invoke_arn": "arn:aws:apigateway:sa-east-1:lambda:path/2015-03-31/functions/arn:aws:lambda:sa-east-1:812386189650:function:hello-terraform-dev-lambda-add-item/invocations",
            "kms_key_arn": "",
            "last_modified": "2025-05-20T03:37:00.000+0000",
            "layers": [],
            "logging_config": [
              {
                "application_log_level": "",
                "log_format": "Text",
                "log_group": "/aws/lambda/hello-terraform-dev-lambda-add-item",
                "system_log_level": ""
              }
            ],
            "memory_size": 512,
            "package_type": "Zip",
            "publish": false,
            "qualified_arn": "arn:aws:lambda:sa-east-1:812386189650:function:hello-terraform-dev-lambda-add-item:$LATEST",
            "qualified_invoke_arn": "arn:aws:apigateway:sa-east-1:lambda:path/2015-03-31/functions/arn:aws:lambda:sa-east-1:812386189650:function:hello-terraform-dev-lambda-add-item:$LATEST/invocations",
            "replace_security_groups_on_destroy": null,
            "replacement_security_group_ids": null,
            "reserved_concurrent_executions": -1,
            "role": "arn:aws:iam::812386189650:role/hello-terraform-dev-lambda-add-item-role",
            "runtime": "python3.9",
            "s3_bucket": null,
            "s3_key": null,
            "s3_object_version": null,
            "signing_job_arn": "",
            "signing_profile_version_arn": "",
            "skip_destroy": false,
            "snap_start": [],
            "source_code_hash": "kAO8gh/rMOlMjK+qivTvTvnip3cBH6tBSjelTOqOlqw=",
            "source_code_size": 946,
            "tags": {
              "Environment": "dev",
              "ManagedBy": "Terraform",
              "Project": "hello-terraform"
            },
            "tags_all": {
              "Environment": "dev",
              "ManagedBy": "Terraform",
              "Project": "hello-terraform"
            },
            "timeout": 30,
            "timeouts": null,
            "tracing_config": [
              {
                "mode": "PassThrough"
              }
            ],
            "version": "$LATEST",
            "vpc_config": []
          },
          "sensitive_attributes": [],
          "private": "eyJlMmJmYjczMC1lY2FhLTExZTYtOGY4OC0zNDM2M2JjN2M0YzAiOnsiY3JlYXRlIjo2MDAwMDAwMDAwMDAsImRlbGV0ZSI6NjAwMDAwMDAwMDAwLCJ1cGRhdGUiOjYwMDAwMDAwMDAwMH19",
          "dependencies": [
            "aws_dynamodb_table.market_list_table",
            "module.lambda_add_item.aws_iam_role.lambda_role",
            "module.lambda_add_item.data.archive_file.lambda_zip"
          ]
        }
      ]
    },
    {
      "module": "module.lambda_delete_item",
      "mode": "data",
      "type": "archive_file",
      "name": "lambda_zip",
      "provider": "provider[\"registry.terraform.io/hashicorp/archive\"]",
      "instances": [
        {
          "schema_version": 0,
          "attributes": {
            "exclude_symlink_directories": null,
            "excludes": null,
            "id": "f211f0fad888c834e49509417f810bc759e4d509",
            "output_base64sha256": "I+N7n43qHy/XmxZxeCyknDWGvJsNAnOWVIyxt+rgAs4=",
            "output_base64sha512": "r1H/0RmdRAugU4+97MSOT/YuMvcNsYb++KPY0S3DE+STJDVidFHEEpRqfM4pkc36UlGA30jRS5z7xiUTkh7BfQ==",
            "output_file_mode": null,
            "output_md5": "230cbfc39cd0ac8001a6c088834dacc9",
            "output_path": "./../lambda/lambda_market_list/delete_item/src/delete_market_item.zip",
            "output_sha": "f211f0fad888c834e49509417f810bc759e4d509",
            "output_sha256": "23e37b9f8dea1f2fd79b1671782ca49c3586bc9b0d027396548cb1b7eae002ce",
            "output_sha512": "af51ffd1199d440ba0538fbdecc48e4ff62e32f70db186fef8a3d8d12dc313e4932435627451c412946a7cce2991cdfa525180df48d14b9cfbc62513921ec17d",
            "output_size": 994,
            "source": [],
            "source_content": null,
            "source_content_filename": null,
            "source_dir": null,
            "source_file": "./../lambda/lambda_market_list/delete_item/src/delete_market_item.py",
            "type": "zip"
          },
          "sensitive_attributes": []
        }
      ]
    },
    {
      "module": "module.lambda_hellow_terraform",
      "mode": "data",
      "type": "archive_file",
      "name": "lambda_zip",
      "provider": "provider[\"registry.terraform.io/hashicorp/archive\"]",
      "instances": [
        {
          "schema_version": 0,
          "attributes": {
            "exclude_symlink_directories": null,
            "excludes": null,
            "id": "3118abec5463ba3ef06c9bfd8f9145ab32ce1344",
            "output_base64sha256": "5cYhKqS3lDpBxY6dNEFE7yz/SJGoBeg/rBp7aOFzVDE=",
            "output_base64sha512": "QQHj6Ly5LIftPlnkvqz2ilJdh8JPIIzvn3IcUztpZN88bbeewBAYlyVAxAaU+M0sM08Ms0EVamN3ChPhBQZEUg==",
            "output_file_mode": null,
            "output_md5": "51a4c3b59a1c35a52b8f75c430aecb28",
            "output_path": "./../lambda/lambda_hellow_terraform/src/hellow_terraform.zip",
            "output_sha": "3118abec5463ba3ef06c9bfd8f9145ab32ce1344",
            "output_sha256": "e5c6212aa4b7943a41c58e9d344144ef2cff4891a805e83fac1a7b68e1735431",
            "output_sha512": "4101e3e8bcb92c87ed3e59e4beacf68a525d87c24f208cef9f721c533b6964df3c6db79ec01018972540c40694f8cd2c334f0cb341156a63770a13e105064452",
            "output_size": 357,
            "source": [],
            "source_content": null,
            "source_content_filename": null,
            "source_dir": null,
            "source_file": "./../lambda/lambda_hellow_terraform/src/hellow_terraform.py",
            "type": "zip"
          },
          "sensitive_attributes": []
        }
      ]
    },
    {
      "module": "module.lambda_hellow_terraform",
      "mode": "managed",
      "type": "aws_cloudwatch_log_group",
      "name": "lambda_log_group",
      "provider": "provider[\"registry.terraform.io/hashicorp/aws\"]",
      "instances": [
        {
          "schema_version": 0,
          "attributes": {
            "arn": "arn:aws:logs:sa-east-1:812386189650:log-group:/aws/lambda/hello-terraform-dev-lambda-hellow-terraform",
            "id": "/aws/lambda/hello-terraform-dev-lambda-hellow-terraform",
            "kms_key_id": "",
            "log_group_class": "STANDARD",
            "name": "/aws/lambda/hello-terraform-dev-lambda-hellow-terraform",
            "name_prefix": "",
            "retention_in_days": 14,
            "skip_destroy": false,
            "tags": {},
            "tags_all": {
              "Environment": "dev",
              "ManagedBy": "Terraform",
              "Project": "hello-terraform"
            }
          },
          "sensitive_attributes": [],
          "private": "bnVsbA=="
        }
      ]
    },
    {
      "module": "module.lambda_hellow_terraform",
      "mode": "managed",
      "type": "aws_iam_policy",
      "name": "lambda_logging",
      "provider": "provider[\"registry.terraform.io/hashicorp/aws\"]",
      "instances": [
        {
          "schema_version": 0,
          "attributes": {
            "arn": "arn:aws:iam::812386189650:policy/hello-terraform-dev-lambda-hellow-terraform-logging-policy",
            "attachment_count": 1,
            "description": "Política para permitir logs da função Lambda hello-terraform-dev-lambda-hellow-terraform",
            "id": "arn:aws:iam::812386189650:policy/hello-terraform-dev-lambda-hellow-terraform-logging-policy",
            "name": "hello-terraform-dev-lambda-hellow-terraform-logging-policy",
            "name_prefix": "",
            "path": "/",
            "policy": "{\"Statement\":[{\"Action\":[\"logs:CreateLogGroup\",\"logs:CreateLogStream\",\"logs:PutLogEvents\"],\"Effect\":\"Allow\",\"Resource\":\"arn:aws:logs:*:*:*\"}],\"Version\":\"2012-10-17\"}",
            "policy_id": "ANPA32JP5QFJA35K4Z5CH",
            "tags": {},
            "tags_all": {
              "Environment": "dev",
              "ManagedBy": "Terraform",
              "Project": "hello-terraform"
            }
          },
          "sensitive_attributes": [],
          "private": "bnVsbA=="
        }
      ]
    },
    {
      "module": "module.lambda_hellow_terraform",
      "mode": "managed",
      "type": "aws_iam_role",
      "name": "lambda_role",
      "provider": "provider[\"registry.terraform.io/hashicorp/aws\"]",
      "instances": [
        {
          "schema_version": 0,
          "attributes": {
            "arn": "arn:aws:iam::812386189650:role/hello-terraform-dev-lambda-hellow-terraform-role",
            "assume_role_policy": "{\"Statement\":[{\"Action\":\"sts:AssumeRole\",\"Effect\":\"Allow\",\"Principal\":{\"Service\":\"lambda.amazonaws.com\"}}],\"Version\":\"2012-10-17\"}",
            "create_date": "2025-05-18T21:17:56Z",
            "description": "",
            "force_detach_policies": false,
            "id": "hello-terraform-dev-lambda-hellow-terraform-role",
            "inline_policy": [],
            "managed_policy_arns": [
              "arn:aws:iam::812386189650:policy/hello-terraform-dev-lambda-hellow-terraform-logging-policy"
            ],
            "max_session_duration": 3600,
            "name": "hello-terraform-dev-lambda-hellow-terraform-role",
            "name_prefix": "",
            "path": "/",
            "permissions_boundary": "",
            "tags": {},
            "tags_all": {
              "Environment": "dev",
              "ManagedBy": "Terraform",
              "Project": "hello-terraform"
            },
            "unique_id": "AROA32JP5QFJJOCZEII6J"
          },
          "sensitive_attributes": [],
          "private": "bnVsbA=="
        }
      ]
    },
    {
      "module": "module.lambda_hellow_terraform",
      "mode": "managed",
      "type": "aws_iam_role_policy_attachment",
      "name": "lambda_logs",
      "provider": "provider[\"registry.terraform.io/hashicorp/aws\"]",
      "instances": [
        {
          "schema_version": 0,
          "attributes": {
            "id": "hello-terraform-dev-lambda-hellow-terraform-role-20250518211758944500000006",
            "policy_arn": "arn:aws:iam::812386189650:policy/hello-terraform-dev-lambda-hellow-terraform-logging-policy",
            "role": "hello-terraform-dev-lambda-hellow-terraform-role"
          },
          "sensitive_attributes": [],
          "private": "bnVsbA==",
          "dependencies": [
            "module.lambda_hellow_terraform.aws_iam_policy.lambda_logging",
            "module.lambda_hellow_terraform.aws_iam_role.lambda_role"
          ]
        }
      ]
    },
    {
      "module": "module.lambda_hellow_terraform",
      "mode": "managed",
      "type": "aws_lambda_function",
      "name": "function",
      "provider": "provider[\"registry.terraform.io/hashicorp/aws\"]",
      "instances": [
        {
          "schema_version": 0,
          "attributes": {
            "architectures": [
              "x86_64"
            ],
            "arn": "arn:aws:lambda:sa-east-1:812386189650:function:hello-terraform-dev-lambda-hellow-terraform",
            "code_sha256": "5cYhKqS3lDpBxY6dNEFE7yz/SJGoBeg/rBp7aOFzVDE=",
            "code_signing_config_arn": "",
            "dead_letter_config": [],
            "description": "Função Lambda que retorna 'Hello Terraform'",
            "environment": [
              {
                "variables": {
                  "ENVIRONMENT": "dev"
                }
              }
            ],
            "ephemeral_storage": [
              {
                "size": 512
              }
            ],
            "file_system_config": [],
            "filename": "./../lambda/lambda_hellow_terraform/src/hellow_terraform.zip",
            "function_name": "hello-terraform-dev-lambda-hellow-terraform",
            "handler": "hellow_terraform.lambda_handler",
            "id": "hello-terraform-dev-lambda-hellow-terraform",
            "image_config": [],
            "image_uri": "",
            "invoke_arn": "arn:aws:apigateway:sa-east-1:lambda:path/2015-03-31/functions/arn:aws:lambda:sa-east-1:812386189650:function:hello-terraform-dev-lambda-hellow-terraform/invocations",
            "kms_key_arn": "",
            "last_modified": "2025-05-18T21:18:06.417+0000",
            "layers": [],
            "logging_config": [
              {
                "application_log_level": "",
                "log_format": "Text",
                "log_group": "/aws/lambda/hello-terraform-dev-lambda-hellow-terraform",
                "system_log_level": ""
              }
            ],
            "memory_size": 512,
            "package_type": "Zip",
            "publish": false,
            "qualified_arn": "arn:aws:lambda:sa-east-1:812386189650:function:hello-terraform-dev-lambda-hellow-terraform:$LATEST",
            "qualified_invoke_arn": "arn:aws:apigateway:sa-east-1:lambda:path/2015-03-31/functions/arn:aws:lambda:sa-east-1:812386189650:function:hello-terraform-dev-lambda-hellow-terraform:$LATEST/invocations",
            "replace_security_groups_on_destroy": null,
            "replacement_security_group_ids": null,
            "reserved_concurrent_executions": -1,
            "role": "arn:aws:iam::812386189650:role/hello-terraform-dev-lambda-hellow-terraform-role",
            "runtime": "python3.9",
            "s3_bucket": null,
            "s3_key": null,
            "s3_object_version": null,
            "signing_job_arn": "",
            "signing_profile_version_arn": "",
            "skip_destroy": false,
            "snap_start": [],
            "source_code_hash": "5cYhKqS3lDpBxY6dNEFE7yz/SJGoBeg/rBp7aOFzVDE=",
            "source_code_size": 357,
            "tags": {
              "Environment": "dev",
              "ManagedBy": "Terraform",
              "Project": "hello-terraform"
            },
            "tags_all": {
              "Environment": "dev",
              "ManagedBy": "Terraform",
              "Project": "hello-terraform"
            },
            "timeout": 30,
            "timeouts": null,
            "tracing_config": [
              {
                "mode": "PassThrough"
              }
            ],
            "version": "$LATEST",
            "vpc_config": []
          },
          "sensitive_attributes": [],
          "private": "eyJlMmJmYjczMC1lY2FhLTExZTYtOGY4OC0zNDM2M2JjN2M0YzAiOnsiY3JlYXRlIjo2MDAwMDAwMDAwMDAsImRlbGV0ZSI6NjAwMDAwMDAwMDAwLCJ1cGRhdGUiOjYwMDAwMDAwMDAwMH19",
          "dependencies": [
            "module.lambda_hellow_terraform.aws_iam_role.lambda_role",
            "module.lambda_hellow_terraform.data.archive_file.lambda_zip"
          ]
        }
      ]
    },
    {
      "module": "module.lambda_update_item",
      "mode": "data",
      "type": "archive_file",
      "name": "lambda_zip",
      "provider": "provider[\"registry.terraform.io/hashicorp/archive\"]",
      "instances": [
        {
          "schema_version": 0,
          "attributes": {
            "exclude_symlink_directories": null,
            "excludes": null,
            "id": "fb1e6845642d20669faf2c88152cd9640c6f30c3",
            "output_base64sha256": "BxaPIZ7BXacU2i8TgyJsxjYzExguews2PB9eZn/X9PE=",
            "output_base64sha512": "ixjdGSSHw15R+Rq89xkOn+9sDapy0FvpHsHObBLF87BqfPbfu30ZCfcmlS8XZfp2ZEjgNMy3KenzoFYIceSz0g==",
            "output_file_mode": null,
            "output_md5": "6e1b77a091f4122bc8f67a6bc55f619b",
            "output_path": "./../lambda/lambda_market_list/update_item/src/update_market_item.zip",
            "output_sha": "fb1e6845642d20669faf2c88152cd9640c6f30c3",
            "output_sha256": "07168f219ec15da714da2f1383226cc6363313182e7b0b363c1f5e667fd7f4f1",
            "output_sha512": "8b18dd192487c35e51f91abcf7190e9fef6c0daa72d05be91ec1ce6c12c5f3b06a7cf6dfbb7d1909f726952f1765fa766448e034ccb729e9f3a0560871e4b3d2",
            "output_size": 1225,
            "source": [],
            "source_content": null,
            "source_content_filename": null,
            "source_dir": null,
            "source_file": "./../lambda/lambda_market_list/update_item/src/update_market_item.py",
            "type": "zip"
          },
          "sensitive_attributes": []
        }
      ]
    }
  ],
  "check_results": [
    {
      "object_kind": "var",
      "config_addr": "var.environment",
      "status": "pass",
      "objects": [
        {
          "object_addr": "var.environment",
          "status": "pass"
        }
      ]
    }
  ]
}
